// !$*UTF8*$!
{
	archiveVersion = 1;
	classes = {
	};
	objectVersion = 56;
	objects = {

/* Begin PBXBuildFile section */
		A029E8298A48FBF15C9E5387 /* Pods_TagGetAPICallingTests.framework in Frameworks */ = {isa = PBXBuildFile; fileRef = 3595B4B63563827DC0248477 /* Pods_TagGetAPICallingTests.framework */; };
		B7C4A774EABCAF26EDF54F5B /* Pods_TagGetAPICalling.framework in Frameworks */ = {isa = PBXBuildFile; fileRef = 6A36AB277F2BDFD83B30CEA3 /* Pods_TagGetAPICalling.framework */; };
		BDA262F92C17D8F30069C517 /* AppDelegate.swift in Sources */ = {isa = PBXBuildFile; fileRef = BDA262F82C17D8F30069C517 /* AppDelegate.swift */; };
		BDA262FB2C17D8F30069C517 /* SceneDelegate.swift in Sources */ = {isa = PBXBuildFile; fileRef = BDA262FA2C17D8F30069C517 /* SceneDelegate.swift */; };
		BDA262FD2C17D8F30069C517 /* ViewController.swift in Sources */ = {isa = PBXBuildFile; fileRef = BDA262FC2C17D8F30069C517 /* ViewController.swift */; };
		BDA263002C17D8F30069C517 /* Base in Resources */ = {isa = PBXBuildFile; fileRef = BDA262FF2C17D8F30069C517 /* Base */; };
		BDA263022C17D8F40069C517 /* Assets.xcassets in Resources */ = {isa = PBXBuildFile; fileRef = BDA263012C17D8F40069C517 /* Assets.xcassets */; };
		BDA263052C17D8F40069C517 /* Base in Resources */ = {isa = PBXBuildFile; fileRef = BDA263042C17D8F40069C517 /* Base */; };
		BDA263102C17D8F50069C517 /* TagGetAPICallingTests.swift in Sources */ = {isa = PBXBuildFile; fileRef = BDA2630F2C17D8F50069C517 /* TagGetAPICallingTests.swift */; };
		BDA2631A2C17D8F50069C517 /* TagGetAPICallingUITests.swift in Sources */ = {isa = PBXBuildFile; fileRef = BDA263192C17D8F50069C517 /* TagGetAPICallingUITests.swift */; };
		BDA2631C2C17D8F50069C517 /* TagGetAPICallingUITestsLaunchTests.swift in Sources */ = {isa = PBXBuildFile; fileRef = BDA2631B2C17D8F50069C517 /* TagGetAPICallingUITestsLaunchTests.swift */; };
		BDA2632D2C17D9A70069C517 /* Model.swift in Sources */ = {isa = PBXBuildFile; fileRef = BDA2632C2C17D9A70069C517 /* Model.swift */; };
		BDA2632F2C17DB730069C517 /* GetDataViewController.swift in Sources */ = {isa = PBXBuildFile; fileRef = BDA2632E2C17DB730069C517 /* GetDataViewController.swift */; };
		BDA263322C17E1F40069C517 /* TableViewCell.swift in Sources */ = {isa = PBXBuildFile; fileRef = BDA263312C17E1F40069C517 /* TableViewCell.swift */; };
		BDA263342C17E4A60069C517 /* TagTableViewCell.swift in Sources */ = {isa = PBXBuildFile; fileRef = BDA263332C17E4A60069C517 /* TagTableViewCell.swift */; };
		EB30EFB21A7E76703BA012B6 /* Pods_TagGetAPICalling_TagGetAPICallingUITests.framework in Frameworks */ = {isa = PBXBuildFile; fileRef = 2F2C70ED8C627D794C5EBBE0 /* Pods_TagGetAPICalling_TagGetAPICallingUITests.framework */; };
/* End PBXBuildFile section */

/* Begin PBXContainerItemProxy section */
		BDA2630C2C17D8F50069C517 /* PBXContainerItemProxy */ = {
			isa = PBXContainerItemProxy;
			containerPortal = BDA262ED2C17D8F30069C517 /* Project object */;
			proxyType = 1;
			remoteGlobalIDString = BDA262F42C17D8F30069C517;
			remoteInfo = TagGetAPICalling;
		};
		BDA263162C17D8F50069C517 /* PBXContainerItemProxy */ = {
			isa = PBXContainerItemProxy;
			containerPortal = BDA262ED2C17D8F30069C517 /* Project object */;
			proxyType = 1;
			remoteGlobalIDString = BDA262F42C17D8F30069C517;
			remoteInfo = TagGetAPICalling;
		};
/* End PBXContainerItemProxy section */

/* Begin PBXFileReference section */
		1F2E12E8BBA29A1448255601 /* Pods-TagGetAPICallingTests.release.xcconfig */ = {isa = PBXFileReference; includeInIndex = 1; lastKnownFileType = text.xcconfig; name = "Pods-TagGetAPICallingTests.release.xcconfig"; path = "Target Support Files/Pods-TagGetAPICallingTests/Pods-TagGetAPICallingTests.release.xcconfig"; sourceTree = "<group>"; };
		2F2C70ED8C627D794C5EBBE0 /* Pods_TagGetAPICalling_TagGetAPICallingUITests.framework */ = {isa = PBXFileReference; explicitFileType = wrapper.framework; includeInIndex = 0; path = Pods_TagGetAPICalling_TagGetAPICallingUITests.framework; sourceTree = BUILT_PRODUCTS_DIR; };
		3595B4B63563827DC0248477 /* Pods_TagGetAPICallingTests.framework */ = {isa = PBXFileReference; explicitFileType = wrapper.framework; includeInIndex = 0; path = Pods_TagGetAPICallingTests.framework; sourceTree = BUILT_PRODUCTS_DIR; };
		3A79C03108DF19009C63BFE7 /* Pods-TagGetAPICallingTests.debug.xcconfig */ = {isa = PBXFileReference; includeInIndex = 1; lastKnownFileType = text.xcconfig; name = "Pods-TagGetAPICallingTests.debug.xcconfig"; path = "Target Support Files/Pods-TagGetAPICallingTests/Pods-TagGetAPICallingTests.debug.xcconfig"; sourceTree = "<group>"; };
		4B562CEED95B6601045AA3E9 /* Pods-TagGetAPICalling-TagGetAPICallingUITests.debug.xcconfig */ = {isa = PBXFileReference; includeInIndex = 1; lastKnownFileType = text.xcconfig; name = "Pods-TagGetAPICalling-TagGetAPICallingUITests.debug.xcconfig"; path = "Target Support Files/Pods-TagGetAPICalling-TagGetAPICallingUITests/Pods-TagGetAPICalling-TagGetAPICallingUITests.debug.xcconfig"; sourceTree = "<group>"; };
		6A36AB277F2BDFD83B30CEA3 /* Pods_TagGetAPICalling.framework */ = {isa = PBXFileReference; explicitFileType = wrapper.framework; includeInIndex = 0; path = Pods_TagGetAPICalling.framework; sourceTree = BUILT_PRODUCTS_DIR; };
		7DEFF4CAE344915ED6D47586 /* Pods-TagGetAPICalling.debug.xcconfig */ = {isa = PBXFileReference; includeInIndex = 1; lastKnownFileType = text.xcconfig; name = "Pods-TagGetAPICalling.debug.xcconfig"; path = "Target Support Files/Pods-TagGetAPICalling/Pods-TagGetAPICalling.debug.xcconfig"; sourceTree = "<group>"; };
		830A30E130B15B4145661FE8 /* Pods-TagGetAPICalling.release.xcconfig */ = {isa = PBXFileReference; includeInIndex = 1; lastKnownFileType = text.xcconfig; name = "Pods-TagGetAPICalling.release.xcconfig"; path = "Target Support Files/Pods-TagGetAPICalling/Pods-TagGetAPICalling.release.xcconfig"; sourceTree = "<group>"; };
		BDA262F52C17D8F30069C517 /* TagGetAPICalling.app */ = {isa = PBXFileReference; explicitFileType = wrapper.application; includeInIndex = 0; path = TagGetAPICalling.app; sourceTree = BUILT_PRODUCTS_DIR; };
		BDA262F82C17D8F30069C517 /* AppDelegate.swift */ = {isa = PBXFileReference; lastKnownFileType = sourcecode.swift; path = AppDelegate.swift; sourceTree = "<group>"; };
		BDA262FA2C17D8F30069C517 /* SceneDelegate.swift */ = {isa = PBXFileReference; lastKnownFileType = sourcecode.swift; path = SceneDelegate.swift; sourceTree = "<group>"; };
		BDA262FC2C17D8F30069C517 /* ViewController.swift */ = {isa = PBXFileReference; lastKnownFileType = sourcecode.swift; path = ViewController.swift; sourceTree = "<group>"; };
		BDA262FF2C17D8F30069C517 /* Base */ = {isa = PBXFileReference; lastKnownFileType = file.storyboard; name = Base; path = Base.lproj/Main.storyboard; sourceTree = "<group>"; };
		BDA263012C17D8F40069C517 /* Assets.xcassets */ = {isa = PBXFileReference; lastKnownFileType = folder.assetcatalog; path = Assets.xcassets; sourceTree = "<group>"; };
		BDA263042C17D8F40069C517 /* Base */ = {isa = PBXFileReference; lastKnownFileType = file.storyboard; name = Base; path = Base.lproj/LaunchScreen.storyboard; sourceTree = "<group>"; };
		BDA263062C17D8F40069C517 /* Info.plist */ = {isa = PBXFileReference; lastKnownFileType = text.plist.xml; path = Info.plist; sourceTree = "<group>"; };
		BDA2630B2C17D8F50069C517 /* TagGetAPICallingTests.xctest */ = {isa = PBXFileReference; explicitFileType = wrapper.cfbundle; includeInIndex = 0; path = TagGetAPICallingTests.xctest; sourceTree = BUILT_PRODUCTS_DIR; };
		BDA2630F2C17D8F50069C517 /* TagGetAPICallingTests.swift */ = {isa = PBXFileReference; lastKnownFileType = sourcecode.swift; path = TagGetAPICallingTests.swift; sourceTree = "<group>"; };
		BDA263152C17D8F50069C517 /* TagGetAPICallingUITests.xctest */ = {isa = PBXFileReference; explicitFileType = wrapper.cfbundle; includeInIndex = 0; path = TagGetAPICallingUITests.xctest; sourceTree = BUILT_PRODUCTS_DIR; };
		BDA263192C17D8F50069C517 /* TagGetAPICallingUITests.swift */ = {isa = PBXFileReference; lastKnownFileType = sourcecode.swift; path = TagGetAPICallingUITests.swift; sourceTree = "<group>"; };
		BDA2631B2C17D8F50069C517 /* TagGetAPICallingUITestsLaunchTests.swift */ = {isa = PBXFileReference; lastKnownFileType = sourcecode.swift; path = TagGetAPICallingUITestsLaunchTests.swift; sourceTree = "<group>"; };
		BDA2632C2C17D9A70069C517 /* Model.swift */ = {isa = PBXFileReference; lastKnownFileType = sourcecode.swift; path = Model.swift; sourceTree = "<group>"; };
		BDA2632E2C17DB730069C517 /* GetDataViewController.swift */ = {isa = PBXFileReference; lastKnownFileType = sourcecode.swift; path = GetDataViewController.swift; sourceTree = "<group>"; };
		BDA263312C17E1F40069C517 /* TableViewCell.swift */ = {isa = PBXFileReference; lastKnownFileType = sourcecode.swift; path = TableViewCell.swift; sourceTree = "<group>"; };
		BDA263332C17E4A60069C517 /* TagTableViewCell.swift */ = {isa = PBXFileReference; lastKnownFileType = sourcecode.swift; path = TagTableViewCell.swift; sourceTree = "<group>"; };
		DC47AC9363BFD793CEB396A4 /* Pods-TagGetAPICalling-TagGetAPICallingUITests.release.xcconfig */ = {isa = PBXFileReference; includeInIndex = 1; lastKnownFileType = text.xcconfig; name = "Pods-TagGetAPICalling-TagGetAPICallingUITests.release.xcconfig"; path = "Target Support Files/Pods-TagGetAPICalling-TagGetAPICallingUITests/Pods-TagGetAPICalling-TagGetAPICallingUITests.release.xcconfig"; sourceTree = "<group>"; };
/* End PBXFileReference section */

/* Begin PBXFrameworksBuildPhase section */
		BDA262F22C17D8F30069C517 /* Frameworks */ = {
			isa = PBXFrameworksBuildPhase;
			buildActionMask = 2147483647;
			files = (
				B7C4A774EABCAF26EDF54F5B /* Pods_TagGetAPICalling.framework in Frameworks */,
			);
			runOnlyForDeploymentPostprocessing = 0;
		};
		BDA263082C17D8F50069C517 /* Frameworks */ = {
			isa = PBXFrameworksBuildPhase;
			buildActionMask = 2147483647;
			files = (
				A029E8298A48FBF15C9E5387 /* Pods_TagGetAPICallingTests.framework in Frameworks */,
			);
			runOnlyForDeploymentPostprocessing = 0;
		};
		BDA263122C17D8F50069C517 /* Frameworks */ = {
			isa = PBXFrameworksBuildPhase;
			buildActionMask = 2147483647;
			files = (
				EB30EFB21A7E76703BA012B6 /* Pods_TagGetAPICalling_TagGetAPICallingUITests.framework in Frameworks */,
			);
			runOnlyForDeploymentPostprocessing = 0;
		};
/* End PBXFrameworksBuildPhase section */

/* Begin PBXGroup section */
		0192418ACCD4D7A74DB89EBD /* Frameworks */ = {
			isa = PBXGroup;
			children = (
				6A36AB277F2BDFD83B30CEA3 /* Pods_TagGetAPICalling.framework */,
				2F2C70ED8C627D794C5EBBE0 /* Pods_TagGetAPICalling_TagGetAPICallingUITests.framework */,
				3595B4B63563827DC0248477 /* Pods_TagGetAPICallingTests.framework */,
			);
			name = Frameworks;
			sourceTree = "<group>";
		};
		11078F0EBFAD6F72801E0EE4 /* Pods */ = {
			isa = PBXGroup;
			children = (
				7DEFF4CAE344915ED6D47586 /* Pods-TagGetAPICalling.debug.xcconfig */,
				830A30E130B15B4145661FE8 /* Pods-TagGetAPICalling.release.xcconfig */,
				4B562CEED95B6601045AA3E9 /* Pods-TagGetAPICalling-TagGetAPICallingUITests.debug.xcconfig */,
				DC47AC9363BFD793CEB396A4 /* Pods-TagGetAPICalling-TagGetAPICallingUITests.release.xcconfig */,
				3A79C03108DF19009C63BFE7 /* Pods-TagGetAPICallingTests.debug.xcconfig */,
				1F2E12E8BBA29A1448255601 /* Pods-TagGetAPICallingTests.release.xcconfig */,
			);
			path = Pods;
			sourceTree = "<group>";
		};
		BDA262EC2C17D8F30069C517 = {
			isa = PBXGroup;
			children = (
				BDA262F72C17D8F30069C517 /* TagGetAPICalling */,
				BDA2630E2C17D8F50069C517 /* TagGetAPICallingTests */,
				BDA263182C17D8F50069C517 /* TagGetAPICallingUITests */,
				BDA262F62C17D8F30069C517 /* Products */,
				11078F0EBFAD6F72801E0EE4 /* Pods */,
				0192418ACCD4D7A74DB89EBD /* Frameworks */,
			);
			sourceTree = "<group>";
		};
		BDA262F62C17D8F30069C517 /* Products */ = {
			isa = PBXGroup;
			children = (
				BDA262F52C17D8F30069C517 /* TagGetAPICalling.app */,
				BDA2630B2C17D8F50069C517 /* TagGetAPICallingTests.xctest */,
				BDA263152C17D8F50069C517 /* TagGetAPICallingUITests.xctest */,
			);
			name = Products;
			sourceTree = "<group>";
		};
		BDA262F72C17D8F30069C517 /* TagGetAPICalling */ = {
			isa = PBXGroup;
			children = (
				BDA263282C17D95B0069C517 /* Delegate */,
				BDA2632B2C17D9980069C517 /* Model */,
				BDA2632A2C17D96E0069C517 /* Controller */,
				BDA263292C17D9680069C517 /* View */,
				BDA263012C17D8F40069C517 /* Assets.xcassets */,
				BDA263062C17D8F40069C517 /* Info.plist */,
			);
			path = TagGetAPICalling;
			sourceTree = "<group>";
		};
		BDA2630E2C17D8F50069C517 /* TagGetAPICallingTests */ = {
			isa = PBXGroup;
			children = (
				BDA2630F2C17D8F50069C517 /* TagGetAPICallingTests.swift */,
			);
			path = TagGetAPICallingTests;
			sourceTree = "<group>";
		};
		BDA263182C17D8F50069C517 /* TagGetAPICallingUITests */ = {
			isa = PBXGroup;
			children = (
				BDA263192C17D8F50069C517 /* TagGetAPICallingUITests.swift */,
				BDA2631B2C17D8F50069C517 /* TagGetAPICallingUITestsLaunchTests.swift */,
			);
			path = TagGetAPICallingUITests;
			sourceTree = "<group>";
		};
		BDA263282C17D95B0069C517 /* Delegate */ = {
			isa = PBXGroup;
			children = (
				BDA262F82C17D8F30069C517 /* AppDelegate.swift */,
				BDA262FA2C17D8F30069C517 /* SceneDelegate.swift */,
			);
			path = Delegate;
			sourceTree = "<group>";
		};
		BDA263292C17D9680069C517 /* View */ = {
			isa = PBXGroup;
			children = (
				BDA263302C17E1E70069C517 /* Cell */,
				BDA262FE2C17D8F30069C517 /* Main.storyboard */,
				BDA263032C17D8F40069C517 /* LaunchScreen.storyboard */,
			);
			path = View;
			sourceTree = "<group>";
		};
		BDA2632A2C17D96E0069C517 /* Controller */ = {
			isa = PBXGroup;
			children = (
				BDA262FC2C17D8F30069C517 /* ViewController.swift */,
				BDA2632E2C17DB730069C517 /* GetDataViewController.swift */,
			);
			path = Controller;
			sourceTree = "<group>";
		};
		BDA2632B2C17D9980069C517 /* Model */ = {
			isa = PBXGroup;
			children = (
				BDA2632C2C17D9A70069C517 /* Model.swift */,
			);
			path = Model;
			sourceTree = "<group>";
		};
		BDA263302C17E1E70069C517 /* Cell */ = {
			isa = PBXGroup;
			children = (
				BDA263312C17E1F40069C517 /* TableViewCell.swift */,
				BDA263332C17E4A60069C517 /* TagTableViewCell.swift */,
			);
			path = Cell;
			sourceTree = "<group>";
		};
/* End PBXGroup section */

/* Begin PBXNativeTarget section */
		BDA262F42C17D8F30069C517 /* TagGetAPICalling */ = {
			isa = PBXNativeTarget;
			buildConfigurationList = BDA2631F2C17D8F50069C517 /* Build configuration list for PBXNativeTarget "TagGetAPICalling" */;
			buildPhases = (
				E5288021D463EC7E676B3AE0 /* [CP] Check Pods Manifest.lock */,
				BDA262F12C17D8F30069C517 /* Sources */,
				BDA262F22C17D8F30069C517 /* Frameworks */,
				BDA262F32C17D8F30069C517 /* Resources */,
				ADEF3688548835D1A22CAED1 /* [CP] Embed Pods Frameworks */,
			);
			buildRules = (
			);
			dependencies = (
			);
			name = TagGetAPICalling;
			productName = TagGetAPICalling;
			productReference = BDA262F52C17D8F30069C517 /* TagGetAPICalling.app */;
			productType = "com.apple.product-type.application";
		};
		BDA2630A2C17D8F50069C517 /* TagGetAPICallingTests */ = {
			isa = PBXNativeTarget;
			buildConfigurationList = BDA263222C17D8F50069C517 /* Build configuration list for PBXNativeTarget "TagGetAPICallingTests" */;
			buildPhases = (
				46FF373C4E90B6C5E851C835 /* [CP] Check Pods Manifest.lock */,
				BDA263072C17D8F50069C517 /* Sources */,
				BDA263082C17D8F50069C517 /* Frameworks */,
				BDA263092C17D8F50069C517 /* Resources */,
			);
			buildRules = (
			);
			dependencies = (
				BDA2630D2C17D8F50069C517 /* PBXTargetDependency */,
			);
			name = TagGetAPICallingTests;
			productName = TagGetAPICallingTests;
			productReference = BDA2630B2C17D8F50069C517 /* TagGetAPICallingTests.xctest */;
			productType = "com.apple.product-type.bundle.unit-test";
		};
		BDA263142C17D8F50069C517 /* TagGetAPICallingUITests */ = {
			isa = PBXNativeTarget;
			buildConfigurationList = BDA263252C17D8F50069C517 /* Build configuration list for PBXNativeTarget "TagGetAPICallingUITests" */;
			buildPhases = (
				1AD54E5F397AF118284D42F8 /* [CP] Check Pods Manifest.lock */,
				BDA263112C17D8F50069C517 /* Sources */,
				BDA263122C17D8F50069C517 /* Frameworks */,
				BDA263132C17D8F50069C517 /* Resources */,
				727BF87E4DC8A1592741D970 /* [CP] Embed Pods Frameworks */,
			);
			buildRules = (
			);
			dependencies = (
				BDA263172C17D8F50069C517 /* PBXTargetDependency */,
			);
			name = TagGetAPICallingUITests;
			productName = TagGetAPICallingUITests;
			productReference = BDA263152C17D8F50069C517 /* TagGetAPICallingUITests.xctest */;
			productType = "com.apple.product-type.bundle.ui-testing";
		};
/* End PBXNativeTarget section */

/* Begin PBXProject section */
		BDA262ED2C17D8F30069C517 /* Project object */ = {
			isa = PBXProject;
			attributes = {
				BuildIndependentTargetsInParallel = 1;
				LastSwiftUpdateCheck = 1530;
				LastUpgradeCheck = 1530;
				TargetAttributes = {
					BDA262F42C17D8F30069C517 = {
						CreatedOnToolsVersion = 15.3;
					};
					BDA2630A2C17D8F50069C517 = {
						CreatedOnToolsVersion = 15.3;
						TestTargetID = BDA262F42C17D8F30069C517;
					};
					BDA263142C17D8F50069C517 = {
						CreatedOnToolsVersion = 15.3;
						TestTargetID = BDA262F42C17D8F30069C517;
					};
				};
			};
			buildConfigurationList = BDA262F02C17D8F30069C517 /* Build configuration list for PBXProject "TagGetAPICalling" */;
			compatibilityVersion = "Xcode 14.0";
			developmentRegion = en;
			hasScannedForEncodings = 0;
			knownRegions = (
				en,
				Base,
			);
			mainGroup = BDA262EC2C17D8F30069C517;
			productRefGroup = BDA262F62C17D8F30069C517 /* Products */;
			projectDirPath = "";
			projectRoot = "";
			targets = (
				BDA262F42C17D8F30069C517 /* TagGetAPICalling */,
				BDA2630A2C17D8F50069C517 /* TagGetAPICallingTests */,
				BDA263142C17D8F50069C517 /* TagGetAPICallingUITests */,
			);
		};
/* End PBXProject section */

/* Begin PBXResourcesBuildPhase section */
		BDA262F32C17D8F30069C517 /* Resources */ = {
			isa = PBXResourcesBuildPhase;
			buildActionMask = 2147483647;
			files = (
				BDA263022C17D8F40069C517 /* Assets.xcassets in Resources */,
				BDA263052C17D8F40069C517 /* Base in Resources */,
				BDA263002C17D8F30069C517 /* Base in Resources */,
			);
			runOnlyForDeploymentPostprocessing = 0;
		};
		BDA263092C17D8F50069C517 /* Resources */ = {
			isa = PBXResourcesBuildPhase;
			buildActionMask = 2147483647;
			files = (
			);
			runOnlyForDeploymentPostprocessing = 0;
		};
		BDA263132C17D8F50069C517 /* Resources */ = {
			isa = PBXResourcesBuildPhase;
			buildActionMask = 2147483647;
			files = (
			);
			runOnlyForDeploymentPostprocessing = 0;
		};
/* End PBXResourcesBuildPhase section */

/* Begin PBXShellScriptBuildPhase section */
		1AD54E5F397AF118284D42F8 /* [CP] Check Pods Manifest.lock */ = {
			isa = PBXShellScriptBuildPhase;
			buildActionMask = 2147483647;
			files = (
			);
			inputFileListPaths = (
			);
			inputPaths = (
				"${PODS_PODFILE_DIR_PATH}/Podfile.lock",
				"${PODS_ROOT}/Manifest.lock",
			);
			name = "[CP] Check Pods Manifest.lock";
			outputFileListPaths = (
			);
			outputPaths = (
				"$(DERIVED_FILE_DIR)/Pods-TagGetAPICalling-TagGetAPICallingUITests-checkManifestLockResult.txt",
			);
			runOnlyForDeploymentPostprocessing = 0;
			shellPath = /bin/sh;
			shellScript = "diff \"${PODS_PODFILE_DIR_PATH}/Podfile.lock\" \"${PODS_ROOT}/Manifest.lock\" > /dev/null\nif [ $? != 0 ] ; then\n    # print error to STDERR\n    echo \"error: The sandbox is not in sync with the Podfile.lock. Run 'pod install' or update your CocoaPods installation.\" >&2\n    exit 1\nfi\n# This output is used by Xcode 'outputs' to avoid re-running this script phase.\necho \"SUCCESS\" > \"${SCRIPT_OUTPUT_FILE_0}\"\n";
			showEnvVarsInLog = 0;
		};
		46FF373C4E90B6C5E851C835 /* [CP] Check Pods Manifest.lock */ = {
			isa = PBXShellScriptBuildPhase;
			buildActionMask = 2147483647;
			files = (
			);
			inputFileListPaths = (
			);
			inputPaths = (
				"${PODS_PODFILE_DIR_PATH}/Podfile.lock",
				"${PODS_ROOT}/Manifest.lock",
			);
			name = "[CP] Check Pods Manifest.lock";
			outputFileListPaths = (
			);
			outputPaths = (
				"$(DERIVED_FILE_DIR)/Pods-TagGetAPICallingTests-checkManifestLockResult.txt",
			);
			runOnlyForDeploymentPostprocessing = 0;
			shellPath = /bin/sh;
			shellScript = "diff \"${PODS_PODFILE_DIR_PATH}/Podfile.lock\" \"${PODS_ROOT}/Manifest.lock\" > /dev/null\nif [ $? != 0 ] ; then\n    # print error to STDERR\n    echo \"error: The sandbox is not in sync with the Podfile.lock. Run 'pod install' or update your CocoaPods installation.\" >&2\n    exit 1\nfi\n# This output is used by Xcode 'outputs' to avoid re-running this script phase.\necho \"SUCCESS\" > \"${SCRIPT_OUTPUT_FILE_0}\"\n";
			showEnvVarsInLog = 0;
		};
		727BF87E4DC8A1592741D970 /* [CP] Embed Pods Frameworks */ = {
			isa = PBXShellScriptBuildPhase;
			buildActionMask = 2147483647;
			files = (
			);
			inputFileListPaths = (
				"${PODS_ROOT}/Target Support Files/Pods-TagGetAPICalling-TagGetAPICallingUITests/Pods-TagGetAPICalling-TagGetAPICallingUITests-frameworks-${CONFIGURATION}-input-files.xcfilelist",
			);
			name = "[CP] Embed Pods Frameworks";
			outputFileListPaths = (
				"${PODS_ROOT}/Target Support Files/Pods-TagGetAPICalling-TagGetAPICallingUITests/Pods-TagGetAPICalling-TagGetAPICallingUITests-frameworks-${CONFIGURATION}-output-files.xcfilelist",
			);
			runOnlyForDeploymentPostprocessing = 0;
			shellPath = /bin/sh;
			shellScript = "\"${PODS_ROOT}/Target Support Files/Pods-TagGetAPICalling-TagGetAPICallingUITests/Pods-TagGetAPICalling-TagGetAPICallingUITests-frameworks.sh\"\n";
			showEnvVarsInLog = 0;
		};
		ADEF3688548835D1A22CAED1 /* [CP] Embed Pods Frameworks */ = {
			isa = PBXShellScriptBuildPhase;
			buildActionMask = 2147483647;
			files = (
			);
			inputFileListPaths = (
				"${PODS_ROOT}/Target Support Files/Pods-TagGetAPICalling/Pods-TagGetAPICalling-frameworks-${CONFIGURATION}-input-files.xcfilelist",
			);
			name = "[CP] Embed Pods Frameworks";
			outputFileListPaths = (
				"${PODS_ROOT}/Target Support Files/Pods-TagGetAPICalling/Pods-TagGetAPICalling-frameworks-${CONFIGURATION}-output-files.xcfilelist",
			);
			runOnlyForDeploymentPostprocessing = 0;
			shellPath = /bin/sh;
			shellScript = "\"${PODS_ROOT}/Target Support Files/Pods-TagGetAPICalling/Pods-TagGetAPICalling-frameworks.sh\"\n";
			showEnvVarsInLog = 0;
		};
		E5288021D463EC7E676B3AE0 /* [CP] Check Pods Manifest.lock */ = {
			isa = PBXShellScriptBuildPhase;
			buildActionMask = 2147483647;
			files = (
			);
			inputFileListPaths = (
			);
			inputPaths = (
				"${PODS_PODFILE_DIR_PATH}/Podfile.lock",
				"${PODS_ROOT}/Manifest.lock",
			);
			name = "[CP] Check Pods Manifest.lock";
			outputFileListPaths = (
			);
			outputPaths = (
				"$(DERIVED_FILE_DIR)/Pods-TagGetAPICalling-checkManifestLockResult.txt",
			);
			runOnlyForDeploymentPostprocessing = 0;
			shellPath = /bin/sh;
			shellScript = "diff \"${PODS_PODFILE_DIR_PATH}/Podfile.lock\" \"${PODS_ROOT}/Manifest.lock\" > /dev/null\nif [ $? != 0 ] ; then\n    # print error to STDERR\n    echo \"error: The sandbox is not in sync with the Podfile.lock. Run 'pod install' or update your CocoaPods installation.\" >&2\n    exit 1\nfi\n# This output is used by Xcode 'outputs' to avoid re-running this script phase.\necho \"SUCCESS\" > \"${SCRIPT_OUTPUT_FILE_0}\"\n";
			showEnvVarsInLog = 0;
		};
/* End PBXShellScriptBuildPhase section */

/* Begin PBXSourcesBuildPhase section */
		BDA262F12C17D8F30069C517 /* Sources */ = {
			isa = PBXSourcesBuildPhase;
			buildActionMask = 2147483647;
			files = (
				BDA2632F2C17DB730069C517 /* GetDataViewController.swift in Sources */,
				BDA262FD2C17D8F30069C517 /* ViewController.swift in Sources */,
				BDA262F92C17D8F30069C517 /* AppDelegate.swift in Sources */,
				BDA263342C17E4A60069C517 /* TagTableViewCell.swift in Sources */,
				BDA263322C17E1F40069C517 /* TableViewCell.swift in Sources */,
				BDA262FB2C17D8F30069C517 /* SceneDelegate.swift in Sources */,
				BDA2632D2C17D9A70069C517 /* Model.swift in Sources */,
			);
			runOnlyForDeploymentPostprocessing = 0;
		};
		BDA263072C17D8F50069C517 /* Sources */ = {
			isa = PBXSourcesBuildPhase;
			buildActionMask = 2147483647;
			files = (
				BDA263102C17D8F50069C517 /* TagGetAPICallingTests.swift in Sources */,
			);
			runOnlyForDeploymentPostprocessing = 0;
		};
		BDA263112C17D8F50069C517 /* Sources */ = {
			isa = PBXSourcesBuildPhase;
			buildActionMask = 2147483647;
			files = (
				BDA2631C2C17D8F50069C517 /* TagGetAPICallingUITestsLaunchTests.swift in Sources */,
				BDA2631A2C17D8F50069C517 /* TagGetAPICallingUITests.swift in Sources */,
			);
			runOnlyForDeploymentPostprocessing = 0;
		};
/* End PBXSourcesBuildPhase section */

/* Begin PBXTargetDependency section */
		BDA2630D2C17D8F50069C517 /* PBXTargetDependency */ = {
			isa = PBXTargetDependency;
			target = BDA262F42C17D8F30069C517 /* TagGetAPICalling */;
			targetProxy = BDA2630C2C17D8F50069C517 /* PBXContainerItemProxy */;
		};
		BDA263172C17D8F50069C517 /* PBXTargetDependency */ = {
			isa = PBXTargetDependency;
			target = BDA262F42C17D8F30069C517 /* TagGetAPICalling */;
			targetProxy = BDA263162C17D8F50069C517 /* PBXContainerItemProxy */;
		};
/* End PBXTargetDependency section */

/* Begin PBXVariantGroup section */
		BDA262FE2C17D8F30069C517 /* Main.storyboard */ = {
			isa = PBXVariantGroup;
			children = (
				BDA262FF2C17D8F30069C517 /* Base */,
			);
			name = Main.storyboard;
			sourceTree = "<group>";
		};
		BDA263032C17D8F40069C517 /* LaunchScreen.storyboard */ = {
			isa = PBXVariantGroup;
			children = (
				BDA263042C17D8F40069C517 /* Base */,
			);
			name = LaunchScreen.storyboard;
			sourceTree = "<group>";
		};
/* End PBXVariantGroup section */

/* Begin XCBuildConfiguration section */
		BDA2631D2C17D8F50069C517 /* Debug */ = {
			isa = XCBuildConfiguration;
			buildSettings = {
				ALWAYS_SEARCH_USER_PATHS = NO;
				ASSETCATALOG_COMPILER_GENERATE_SWIFT_ASSET_SYMBOL_EXTENSIONS = YES;
				CLANG_ANALYZER_NONNULL = YES;
				CLANG_ANALYZER_NUMBER_OBJECT_CONVERSION = YES_AGGRESSIVE;
				CLANG_CXX_LANGUAGE_STANDARD = "gnu++20";
				CLANG_ENABLE_MODULES = YES;
				CLANG_ENABLE_OBJC_ARC = YES;
				CLANG_ENABLE_OBJC_WEAK = YES;
				CLANG_WARN_BLOCK_CAPTURE_AUTORELEASING = YES;
				CLANG_WARN_BOOL_CONVERSION = YES;
				CLANG_WARN_COMMA = YES;
				CLANG_WARN_CONSTANT_CONVERSION = YES;
				CLANG_WARN_DEPRECATED_OBJC_IMPLEMENTATIONS = YES;
				CLANG_WARN_DIRECT_OBJC_ISA_USAGE = YES_ERROR;
				CLANG_WARN_DOCUMENTATION_COMMENTS = YES;
				CLANG_WARN_EMPTY_BODY = YES;
				CLANG_WARN_ENUM_CONVERSION = YES;
				CLANG_WARN_INFINITE_RECURSION = YES;
				CLANG_WARN_INT_CONVERSION = YES;
				CLANG_WARN_NON_LITERAL_NULL_CONVERSION = YES;
				CLANG_WARN_OBJC_IMPLICIT_RETAIN_SELF = YES;
				CLANG_WARN_OBJC_LITERAL_CONVERSION = YES;
				CLANG_WARN_OBJC_ROOT_CLASS = YES_ERROR;
				CLANG_WARN_QUOTED_INCLUDE_IN_FRAMEWORK_HEADER = YES;
				CLANG_WARN_RANGE_LOOP_ANALYSIS = YES;
				CLANG_WARN_STRICT_PROTOTYPES = YES;
				CLANG_WARN_SUSPICIOUS_MOVE = YES;
				CLANG_WARN_UNGUARDED_AVAILABILITY = YES_AGGRESSIVE;
				CLANG_WARN_UNREACHABLE_CODE = YES;
				CLANG_WARN__DUPLICATE_METHOD_MATCH = YES;
				COPY_PHASE_STRIP = NO;
				DEBUG_INFORMATION_FORMAT = dwarf;
				ENABLE_STRICT_OBJC_MSGSEND = YES;
				ENABLE_TESTABILITY = YES;
				ENABLE_USER_SCRIPT_SANDBOXING = YES;
				GCC_C_LANGUAGE_STANDARD = gnu17;
				GCC_DYNAMIC_NO_PIC = NO;
				GCC_NO_COMMON_BLOCKS = YES;
				GCC_OPTIMIZATION_LEVEL = 0;
				GCC_PREPROCESSOR_DEFINITIONS = (
					"DEBUG=1",
					"$(inherited)",
				);
				GCC_WARN_64_TO_32_BIT_CONVERSION = YES;
				GCC_WARN_ABOUT_RETURN_TYPE = YES_ERROR;
				GCC_WARN_UNDECLARED_SELECTOR = YES;
				GCC_WARN_UNINITIALIZED_AUTOS = YES_AGGRESSIVE;
				GCC_WARN_UNUSED_FUNCTION = YES;
				GCC_WARN_UNUSED_VARIABLE = YES;
				IPHONEOS_DEPLOYMENT_TARGET = 17.4;
				LOCALIZATION_PREFERS_STRING_CATALOGS = YES;
				MTL_ENABLE_DEBUG_INFO = INCLUDE_SOURCE;
				MTL_FAST_MATH = YES;
				ONLY_ACTIVE_ARCH = YES;
				SDKROOT = iphoneos;
				SWIFT_ACTIVE_COMPILATION_CONDITIONS = "DEBUG $(inherited)";
				SWIFT_OPTIMIZATION_LEVEL = "-Onone";
			};
			name = Debug;
		};
		BDA2631E2C17D8F50069C517 /* Release */ = {
			isa = XCBuildConfiguration;
			buildSettings = {
				ALWAYS_SEARCH_USER_PATHS = NO;
				ASSETCATALOG_COMPILER_GENERATE_SWIFT_ASSET_SYMBOL_EXTENSIONS = YES;
				CLANG_ANALYZER_NONNULL = YES;
				CLANG_ANALYZER_NUMBER_OBJECT_CONVERSION = YES_AGGRESSIVE;
				CLANG_CXX_LANGUAGE_STANDARD = "gnu++20";
				CLANG_ENABLE_MODULES = YES;
				CLANG_ENABLE_OBJC_ARC = YES;
				CLANG_ENABLE_OBJC_WEAK = YES;
				CLANG_WARN_BLOCK_CAPTURE_AUTORELEASING = YES;
				CLANG_WARN_BOOL_CONVERSION = YES;
				CLANG_WARN_COMMA = YES;
				CLANG_WARN_CONSTANT_CONVERSION = YES;
				CLANG_WARN_DEPRECATED_OBJC_IMPLEMENTATIONS = YES;
				CLANG_WARN_DIRECT_OBJC_ISA_USAGE = YES_ERROR;
				CLANG_WARN_DOCUMENTATION_COMMENTS = YES;
				CLANG_WARN_EMPTY_BODY = YES;
				CLANG_WARN_ENUM_CONVERSION = YES;
				CLANG_WARN_INFINITE_RECURSION = YES;
				CLANG_WARN_INT_CONVERSION = YES;
				CLANG_WARN_NON_LITERAL_NULL_CONVERSION = YES;
				CLANG_WARN_OBJC_IMPLICIT_RETAIN_SELF = YES;
				CLANG_WARN_OBJC_LITERAL_CONVERSION = YES;
				CLANG_WARN_OBJC_ROOT_CLASS = YES_ERROR;
				CLANG_WARN_QUOTED_INCLUDE_IN_FRAMEWORK_HEADER = YES;
				CLANG_WARN_RANGE_LOOP_ANALYSIS = YES;
				CLANG_WARN_STRICT_PROTOTYPES = YES;
				CLANG_WARN_SUSPICIOUS_MOVE = YES;
				CLANG_WARN_UNGUARDED_AVAILABILITY = YES_AGGRESSIVE;
				CLANG_WARN_UNREACHABLE_CODE = YES;
				CLANG_WARN__DUPLICATE_METHOD_MATCH = YES;
				COPY_PHASE_STRIP = NO;
				DEBUG_INFORMATION_FORMAT = "dwarf-with-dsym";
				ENABLE_NS_ASSERTIONS = NO;
				ENABLE_STRICT_OBJC_MSGSEND = YES;
				ENABLE_USER_SCRIPT_SANDBOXING = YES;
				GCC_C_LANGUAGE_STANDARD = gnu17;
				GCC_NO_COMMON_BLOCKS = YES;
				GCC_WARN_64_TO_32_BIT_CONVERSION = YES;
				GCC_WARN_ABOUT_RETURN_TYPE = YES_ERROR;
				GCC_WARN_UNDECLARED_SELECTOR = YES;
				GCC_WARN_UNINITIALIZED_AUTOS = YES_AGGRESSIVE;
				GCC_WARN_UNUSED_FUNCTION = YES;
				GCC_WARN_UNUSED_VARIABLE = YES;
				IPHONEOS_DEPLOYMENT_TARGET = 17.4;
				LOCALIZATION_PREFERS_STRING_CATALOGS = YES;
				MTL_ENABLE_DEBUG_INFO = NO;
				MTL_FAST_MATH = YES;
				SDKROOT = iphoneos;
				SWIFT_COMPILATION_MODE = wholemodule;
				VALIDATE_PRODUCT = YES;
			};
			name = Release;
		};
		BDA263202C17D8F50069C517 /* Debug */ = {
			isa = XCBuildConfiguration;
			baseConfigurationReference = 7DEFF4CAE344915ED6D47586 /* Pods-TagGetAPICalling.debug.xcconfig */;
			buildSettings = {
				ASSETCATALOG_COMPILER_APPICON_NAME = AppIcon;
				ASSETCATALOG_COMPILER_GLOBAL_ACCENT_COLOR_NAME = AccentColor;
				CODE_SIGN_STYLE = Automatic;
				CURRENT_PROJECT_VERSION = 1;
				ENABLE_USER_SCRIPT_SANDBOXING = NO;
				GENERATE_INFOPLIST_FILE = YES;
				INFOPLIST_FILE = TagGetAPICalling/Info.plist;
				INFOPLIST_KEY_UIApplicationSupportsIndirectInputEvents = YES;
				INFOPLIST_KEY_UILaunchStoryboardName = LaunchScreen;
				INFOPLIST_KEY_UIMainStoryboardFile = Main;
				INFOPLIST_KEY_UISupportedInterfaceOrientations_iPad = "UIInterfaceOrientationPortrait UIInterfaceOrientationPortraitUpsideDown UIInterfaceOrientationLandscapeLeft UIInterfaceOrientationLandscapeRight";
				INFOPLIST_KEY_UISupportedInterfaceOrientations_iPhone = "UIInterfaceOrientationPortrait UIInterfaceOrientationLandscapeLeft UIInterfaceOrientationLandscapeRight";
				LD_RUNPATH_SEARCH_PATHS = (
					"$(inherited)",
					"@executable_path/Frameworks",
				);
				MARKETING_VERSION = 1.0;
				PRODUCT_BUNDLE_IDENTIFIER = com.plexustechnology.TagGetAPICalling;
				PRODUCT_NAME = "$(TARGET_NAME)";
				SWIFT_EMIT_LOC_STRINGS = YES;
				SWIFT_VERSION = 5.0;
				TARGETED_DEVICE_FAMILY = "1,2";
			};
			name = Debug;
		};
		BDA263212C17D8F50069C517 /* Release */ = {
			isa = XCBuildConfiguration;
			baseConfigurationReference = 830A30E130B15B4145661FE8 /* Pods-TagGetAPICalling.release.xcconfig */;
			buildSettings = {
				ASSETCATALOG_COMPILER_APPICON_NAME = AppIcon;
				ASSETCATALOG_COMPILER_GLOBAL_ACCENT_COLOR_NAME = AccentColor;
				CODE_SIGN_STYLE = Automatic;
				CURRENT_PROJECT_VERSION = 1;
				ENABLE_USER_SCRIPT_SANDBOXING = NO;
				GENERATE_INFOPLIST_FILE = YES;
				INFOPLIST_FILE = TagGetAPICalling/Info.plist;
				INFOPLIST_KEY_UIApplicationSupportsIndirectInputEvents = YES;
				INFOPLIST_KEY_UILaunchStoryboardName = LaunchScreen;
				INFOPLIST_KEY_UIMainStoryboardFile = Main;
				INFOPLIST_KEY_UISupportedInterfaceOrientations_iPad = "UIInterfaceOrientationPortrait UIInterfaceOrientationPortraitUpsideDown UIInterfaceOrientationLandscapeLeft UIInterfaceOrientationLandscapeRight";
				INFOPLIST_KEY_UISupportedInterfaceOrientations_iPhone = "UIInterfaceOrientationPortrait UIInterfaceOrientationLandscapeLeft UIInterfaceOrientationLandscapeRight";
				LD_RUNPATH_SEARCH_PATHS = (
					"$(inherited)",
					"@executable_path/Frameworks",
				);
				MARKETING_VERSION = 1.0;
				PRODUCT_BUNDLE_IDENTIFIER = com.plexustechnology.TagGetAPICalling;
				PRODUCT_NAME = "$(TARGET_NAME)";
				SWIFT_EMIT_LOC_STRINGS = YES;
				SWIFT_VERSION = 5.0;
				TARGETED_DEVICE_FAMILY = "1,2";
			};
			name = Release;
		};
		BDA263232C17D8F50069C517 /* Debug */ = {
			isa = XCBuildConfiguration;
			baseConfigurationReference = 3A79C03108DF19009C63BFE7 /* Pods-TagGetAPICallingTests.debug.xcconfig */;
			buildSettings = {
				ALWAYS_EMBED_SWIFT_STANDARD_LIBRARIES = YES;
				BUNDLE_LOADER = "$(TEST_HOST)";
				CODE_SIGN_STYLE = Automatic;
				CURRENT_PROJECT_VERSION = 1;
				GENERATE_INFOPLIST_FILE = YES;
				IPHONEOS_DEPLOYMENT_TARGET = 17.4;
				MARKETING_VERSION = 1.0;
				PRODUCT_BUNDLE_IDENTIFIER = com.plexustechnology.TagGetAPICallingTests;
				PRODUCT_NAME = "$(TARGET_NAME)";
				SWIFT_EMIT_LOC_STRINGS = NO;
				SWIFT_VERSION = 5.0;
				TARGETED_DEVICE_FAMILY = "1,2";
				TEST_HOST = "$(BUILT_PRODUCTS_DIR)/TagGetAPICalling.app/$(BUNDLE_EXECUTABLE_FOLDER_PATH)/TagGetAPICalling";
			};
			name = Debug;
		};
		BDA263242C17D8F50069C517 /* Release */ = {
			isa = XCBuildConfiguration;
			baseConfigurationReference = 1F2E12E8BBA29A1448255601 /* Pods-TagGetAPICallingTests.release.xcconfig */;
			buildSettings = {
				ALWAYS_EMBED_SWIFT_STANDARD_LIBRARIES = YES;
				BUNDLE_LOADER = "$(TEST_HOST)";
				CODE_SIGN_STYLE = Automatic;
				CURRENT_PROJECT_VERSION = 1;
				GENERATE_INFOPLIST_FILE = YES;
				IPHONEOS_DEPLOYMENT_TARGET = 17.4;
				MARKETING_VERSION = 1.0;
				PRODUCT_BUNDLE_IDENTIFIER = com.plexustechnology.TagGetAPICallingTests;
				PRODUCT_NAME = "$(TARGET_NAME)";
				SWIFT_EMIT_LOC_STRINGS = NO;
				SWIFT_VERSION = 5.0;
				TARGETED_DEVICE_FAMILY = "1,2";
				TEST_HOST = "$(BUILT_PRODUCTS_DIR)/TagGetAPICalling.app/$(BUNDLE_EXECUTABLE_FOLDER_PATH)/TagGetAPICalling";
			};
			name = Release;
		};
		BDA263262C17D8F50069C517 /* Debug */ = {
			isa = XCBuildConfiguration;
			baseConfigurationReference = 4B562CEED95B6601045AA3E9 /* Pods-TagGetAPICalling-TagGetAPICallingUITests.debug.xcconfig */;
			buildSettings = {
				ALWAYS_EMBED_SWIFT_STANDARD_LIBRARIES = YES;
				CODE_SIGN_STYLE = Automatic;
				CURRENT_PROJECT_VERSION = 1;
				GENERATE_INFOPLIST_FILE = YES;
				MARKETING_VERSION = 1.0;
				PRODUCT_BUNDLE_IDENTIFIER = com.plexustechnology.TagGetAPICallingUITests;
				PRODUCT_NAME = "$(TARGET_NAME)";
				SWIFT_EMIT_LOC_STRINGS = NO;
				SWIFT_VERSION = 5.0;
				TARGETED_DEVICE_FAMILY = "1,2";
				TEST_TARGET_NAME = TagGetAPICalling;
			};
			name = Debug;
		};
		BDA263272C17D8F50069C517 /* Release */ = {
			isa = XCBuildConfiguration;
			baseConfigurationReference = DC47AC9363BFD793CEB396A4 /* Pods-TagGetAPICalling-TagGetAPICallingUITests.release.xcconfig */;
			buildSettings = {
				ALWAYS_EMBED_SWIFT_STANDARD_LIBRARIES = YES;
				CODE_SIGN_STYLE = Automatic;
				CURRENT_PROJECT_VERSION = 1;
				GENERATE_INFOPLIST_FILE = YES;
				MARKETING_VERSION = 1.0;
				PRODUCT_BUNDLE_IDENTIFIER = com.plexustechnology.TagGetAPICallingUITests;
				PRODUCT_NAME = "$(TARGET_NAME)";
				SWIFT_EMIT_LOC_STRINGS = NO;
				SWIFT_VERSION = 5.0;
				TARGETED_DEVICE_FAMILY = "1,2";
				TEST_TARGET_NAME = TagGetAPICalling;
			};
			name = Release;
		};
/* End XCBuildConfiguration section */

/* Begin XCConfigurationList section */
		BDA262F02C17D8F30069C517 /* Build configuration list for PBXProject "TagGetAPICalling" */ = {
			isa = XCConfigurationList;
			buildConfigurations = (
				BDA2631D2C17D8F50069C517 /* Debug */,
				BDA2631E2C17D8F50069C517 /* Release */,
			);
			defaultConfigurationIsVisible = 0;
			defaultConfigurationName = Release;
		};
		BDA2631F2C17D8F50069C517 /* Build configuration list for PBXNativeTarget "TagGetAPICalling" */ = {
			isa = XCConfigurationList;
			buildConfigurations = (
				BDA263202C17D8F50069C517 /* Debug */,
				BDA263212C17D8F50069C517 /* Release */,
			);
			defaultConfigurationIsVisible = 0;
			defaultConfigurationName = Release;
		};
		BDA263222C17D8F50069C517 /* Build configuration list for PBXNativeTarget "TagGetAPICallingTests" */ = {
			isa = XCConfigurationList;
			buildConfigurations = (
				BDA263232C17D8F50069C517 /* Debug */,
				BDA263242C17D8F50069C517 /* Release */,
			);
			defaultConfigurationIsVisible = 0;
			defaultConfigurationName = Release;
		};
		BDA263252C17D8F50069C517 /* Build configuration list for PBXNativeTarget "TagGetAPICallingUITests" */ = {
			isa = XCConfigurationList;
			buildConfigurations = (
				BDA263262C17D8F50069C517 /* Debug */,
				BDA263272C17D8F50069C517 /* Release */,
			);
			defaultConfigurationIsVisible = 0;
			defaultConfigurationName = Release;
		};
/* End XCConfigurationList section */
	};
	rootObject = BDA262ED2C17D8F30069C517 /* Project object */;
}
